
Microsoft Visual Studio Solution File, Format Version 12.00
# Visual Studio Version 17
VisualStudioVersion = 17.0.31903.59
MinimumVisualStudioVersion = 10.0.40219.1
Project("{2150E333-8FDC-42A3-9474-1A3956D46DE8}") = "src", "src", "{827E0CD3-B72D-47B6-A68D-7590B98EB39B}"
EndProject
Project("{FAE04EC0-301F-11D3-BF4B-00C04F79EFBC}") = "ExpenseReports.Domain", "src\ExpenseReports.Domain\ExpenseReports.Domain.csproj", "{606F8E5A-7800-4E87-9223-282CA7EAFE97}"
EndProject
Project("{FAE04EC0-301F-11D3-BF4B-00C04F79EFBC}") = "ExpenseReports.Application", "src\ExpenseReports.Application\ExpenseReports.Application.csproj", "{5769403C-BD30-445D-AFD1-693FF8AA4E8B}"
EndProject
Project("{FAE04EC0-301F-11D3-BF4B-00C04F79EFBC}") = "ExpenseReports.Infrastructure", "src\ExpenseReports.Infrastructure\ExpenseReports.Infrastructure.csproj", "{7E265460-209F-48BD-88BA-CF31A49F5116}"
EndProject
Project("{FAE04EC0-301F-11D3-BF4B-00C04F79EFBC}") = "ExpenseReports.Api", "src\ExpenseReports.Api\ExpenseReports.Api.csproj", "{CC392A28-3144-42F1-AAFE-02218AF5117C}"
EndProject
Project("{2150E333-8FDC-42A3-9474-1A3956D46DE8}") = "tests", "tests", "{0AB3BF05-4346-4AA6-1389-037BE0695223}"
EndProject
Project("{FAE04EC0-301F-11D3-BF4B-00C04F79EFBC}") = "ExpenseReports.UnitTests", "tests\ExpenseReports.UnitTests\ExpenseReports.UnitTests.csproj", "{186D18F9-71DA-4E38-9E5F-A772AB65AD64}"
EndProject
Project("{FAE04EC0-301F-11D3-BF4B-00C04F79EFBC}") = "ExpenseReports.IntegrationTests", "tests\ExpenseReports.IntegrationTests\ExpenseReports.IntegrationTests.csproj", "{AF250EC0-264F-4F46-8A3C-D5FF70A368F3}"
EndProject
Global
	GlobalSection(SolutionConfigurationPlatforms) = preSolution
		Debug|Any CPU = Debug|Any CPU
		Debug|x64 = Debug|x64
		Debug|x86 = Debug|x86
		Release|Any CPU = Release|Any CPU
		Release|x64 = Release|x64
		Release|x86 = Release|x86
	EndGlobalSection
	GlobalSection(ProjectConfigurationPlatforms) = postSolution
		{606F8E5A-7800-4E87-9223-282CA7EAFE97}.Debug|Any CPU.ActiveCfg = Debug|Any CPU
		{606F8E5A-7800-4E87-9223-282CA7EAFE97}.Debug|Any CPU.Build.0 = Debug|Any CPU
		{606F8E5A-7800-4E87-9223-282CA7EAFE97}.Debug|x64.ActiveCfg = Debug|Any CPU
		{606F8E5A-7800-4E87-9223-282CA7EAFE97}.Debug|x64.Build.0 = Debug|Any CPU
		{606F8E5A-7800-4E87-9223-282CA7EAFE97}.Debug|x86.ActiveCfg = Debug|Any CPU
		{606F8E5A-7800-4E87-9223-282CA7EAFE97}.Debug|x86.Build.0 = Debug|Any CPU
		{606F8E5A-7800-4E87-9223-282CA7EAFE97}.Release|Any CPU.ActiveCfg = Release|Any CPU
		{606F8E5A-7800-4E87-9223-282CA7EAFE97}.Release|Any CPU.Build.0 = Release|Any CPU
		{606F8E5A-7800-4E87-9223-282CA7EAFE97}.Release|x64.ActiveCfg = Release|Any CPU
		{606F8E5A-7800-4E87-9223-282CA7EAFE97}.Release|x64.Build.0 = Release|Any CPU
		{606F8E5A-7800-4E87-9223-282CA7EAFE97}.Release|x86.ActiveCfg = Release|Any CPU
		{606F8E5A-7800-4E87-9223-282CA7EAFE97}.Release|x86.Build.0 = Release|Any CPU
		{5769403C-BD30-445D-AFD1-693FF8AA4E8B}.Debug|Any CPU.ActiveCfg = Debug|Any CPU
		{5769403C-BD30-445D-AFD1-693FF8AA4E8B}.Debug|Any CPU.Build.0 = Debug|Any CPU
		{5769403C-BD30-445D-AFD1-693FF8AA4E8B}.Debug|x64.ActiveCfg = Debug|Any CPU
		{5769403C-BD30-445D-AFD1-693FF8AA4E8B}.Debug|x64.Build.0 = Debug|Any CPU
		{5769403C-BD30-445D-AFD1-693FF8AA4E8B}.Debug|x86.ActiveCfg = Debug|Any CPU
		{5769403C-BD30-445D-AFD1-693FF8AA4E8B}.Debug|x86.Build.0 = Debug|Any CPU
		{5769403C-BD30-445D-AFD1-693FF8AA4E8B}.Release|Any CPU.ActiveCfg = Release|Any CPU
		{5769403C-BD30-445D-AFD1-693FF8AA4E8B}.Release|Any CPU.Build.0 = Release|Any CPU
		{5769403C-BD30-445D-AFD1-693FF8AA4E8B}.Release|x64.ActiveCfg = Release|Any CPU
		{5769403C-BD30-445D-AFD1-693FF8AA4E8B}.Release|x64.Build.0 = Release|Any CPU
		{5769403C-BD30-445D-AFD1-693FF8AA4E8B}.Release|x86.ActiveCfg = Release|Any CPU
		{5769403C-BD30-445D-AFD1-693FF8AA4E8B}.Release|x86.Build.0 = Release|Any CPU
		{7E265460-209F-48BD-88BA-CF31A49F5116}.Debug|Any CPU.ActiveCfg = Debug|Any CPU
		{7E265460-209F-48BD-88BA-CF31A49F5116}.Debug|Any CPU.Build.0 = Debug|Any CPU
		{7E265460-209F-48BD-88BA-CF31A49F5116}.Debug|x64.ActiveCfg = Debug|Any CPU
		{7E265460-209F-48BD-88BA-CF31A49F5116}.Debug|x64.Build.0 = Debug|Any CPU
		{7E265460-209F-48BD-88BA-CF31A49F5116}.Debug|x86.ActiveCfg = Debug|Any CPU
		{7E265460-209F-48BD-88BA-CF31A49F5116}.Debug|x86.Build.0 = Debug|Any CPU
		{7E265460-209F-48BD-88BA-CF31A49F5116}.Release|Any CPU.ActiveCfg = Release|Any CPU
		{7E265460-209F-48BD-88BA-CF31A49F5116}.Release|Any CPU.Build.0 = Release|Any CPU
		{7E265460-209F-48BD-88BA-CF31A49F5116}.Release|x64.ActiveCfg = Release|Any CPU
		{7E265460-209F-48BD-88BA-CF31A49F5116}.Release|x64.Build.0 = Release|Any CPU
		{7E265460-209F-48BD-88BA-CF31A49F5116}.Release|x86.ActiveCfg = Release|Any CPU
		{7E265460-209F-48BD-88BA-CF31A49F5116}.Release|x86.Build.0 = Release|Any CPU
		{CC392A28-3144-42F1-AAFE-02218AF5117C}.Debug|Any CPU.ActiveCfg = Debug|Any CPU
		{CC392A28-3144-42F1-AAFE-02218AF5117C}.Debug|Any CPU.Build.0 = Debug|Any CPU
		{CC392A28-3144-42F1-AAFE-02218AF5117C}.Debug|x64.ActiveCfg = Debug|Any CPU
		{CC392A28-3144-42F1-AAFE-02218AF5117C}.Debug|x64.Build.0 = Debug|Any CPU
		{CC392A28-3144-42F1-AAFE-02218AF5117C}.Debug|x86.ActiveCfg = Debug|Any CPU
		{CC392A28-3144-42F1-AAFE-02218AF5117C}.Debug|x86.Build.0 = Debug|Any CPU
		{CC392A28-3144-42F1-AAFE-02218AF5117C}.Release|Any CPU.ActiveCfg = Release|Any CPU
		{CC392A28-3144-42F1-AAFE-02218AF5117C}.Release|Any CPU.Build.0 = Release|Any CPU
		{CC392A28-3144-42F1-AAFE-02218AF5117C}.Release|x64.ActiveCfg = Release|Any CPU
		{CC392A28-3144-42F1-AAFE-02218AF5117C}.Release|x64.Build.0 = Release|Any CPU
		{CC392A28-3144-42F1-AAFE-02218AF5117C}.Release|x86.ActiveCfg = Release|Any CPU
		{CC392A28-3144-42F1-AAFE-02218AF5117C}.Release|x86.Build.0 = Release|Any CPU
		{186D18F9-71DA-4E38-9E5F-A772AB65AD64}.Debug|Any CPU.ActiveCfg = Debug|Any CPU
		{186D18F9-71DA-4E38-9E5F-A772AB65AD64}.Debug|Any CPU.Build.0 = Debug|Any CPU
		{186D18F9-71DA-4E38-9E5F-A772AB65AD64}.Debug|x64.ActiveCfg = Debug|Any CPU
		{186D18F9-71DA-4E38-9E5F-A772AB65AD64}.Debug|x64.Build.0 = Debug|Any CPU
		{186D18F9-71DA-4E38-9E5F-A772AB65AD64}.Debug|x86.ActiveCfg = Debug|Any CPU
		{186D18F9-71DA-4E38-9E5F-A772AB65AD64}.Debug|x86.Build.0 = Debug|Any CPU
		{186D18F9-71DA-4E38-9E5F-A772AB65AD64}.Release|Any CPU.ActiveCfg = Release|Any CPU
		{186D18F9-71DA-4E38-9E5F-A772AB65AD64}.Release|Any CPU.Build.0 = Release|Any CPU
		{186D18F9-71DA-4E38-9E5F-A772AB65AD64}.Release|x64.ActiveCfg = Release|Any CPU
		{186D18F9-71DA-4E38-9E5F-A772AB65AD64}.Release|x64.Build.0 = Release|Any CPU
		{186D18F9-71DA-4E38-9E5F-A772AB65AD64}.Release|x86.ActiveCfg = Release|Any CPU
		{186D18F9-71DA-4E38-9E5F-A772AB65AD64}.Release|x86.Build.0 = Release|Any CPU
		{AF250EC0-264F-4F46-8A3C-D5FF70A368F3}.Debug|Any CPU.ActiveCfg = Debug|Any CPU
		{AF250EC0-264F-4F46-8A3C-D5FF70A368F3}.Debug|Any CPU.Build.0 = Debug|Any CPU
		{AF250EC0-264F-4F46-8A3C-D5FF70A368F3}.Debug|x64.ActiveCfg = Debug|Any CPU
		{AF250EC0-264F-4F46-8A3C-D5FF70A368F3}.Debug|x64.Build.0 = Debug|Any CPU
		{AF250EC0-264F-4F46-8A3C-D5FF70A368F3}.Debug|x86.ActiveCfg = Debug|Any CPU
		{AF250EC0-264F-4F46-8A3C-D5FF70A368F3}.Debug|x86.Build.0 = Debug|Any CPU
		{AF250EC0-264F-4F46-8A3C-D5FF70A368F3}.Release|Any CPU.ActiveCfg = Release|Any CPU
		{AF250EC0-264F-4F46-8A3C-D5FF70A368F3}.Release|Any CPU.Build.0 = Release|Any CPU
		{AF250EC0-264F-4F46-8A3C-D5FF70A368F3}.Release|x64.ActiveCfg = Release|Any CPU
		{AF250EC0-264F-4F46-8A3C-D5FF70A368F3}.Release|x64.Build.0 = Release|Any CPU
		{AF250EC0-264F-4F46-8A3C-D5FF70A368F3}.Release|x86.ActiveCfg = Release|Any CPU
		{AF250EC0-264F-4F46-8A3C-D5FF70A368F3}.Release|x86.Build.0 = Release|Any CPU
	EndGlobalSection
	GlobalSection(SolutionProperties) = preSolution
		HideSolutionNode = FALSE
	EndGlobalSection
	GlobalSection(NestedProjects) = preSolution
		{606F8E5A-7800-4E87-9223-282CA7EAFE97} = {827E0CD3-B72D-47B6-A68D-7590B98EB39B}
		{5769403C-BD30-445D-AFD1-693FF8AA4E8B} = {827E0CD3-B72D-47B6-A68D-7590B98EB39B}
		{7E265460-209F-48BD-88BA-CF31A49F5116} = {827E0CD3-B72D-47B6-A68D-7590B98EB39B}
		{CC392A28-3144-42F1-AAFE-02218AF5117C} = {827E0CD3-B72D-47B6-A68D-7590B98EB39B}
		{186D18F9-71DA-4E38-9E5F-A772AB65AD64} = {0AB3BF05-4346-4AA6-1389-037BE0695223}
		{AF250EC0-264F-4F46-8A3C-D5FF70A368F3} = {0AB3BF05-4346-4AA6-1389-037BE0695223}
	EndGlobalSection
EndGlobal
